
Microsoft Visual Studio Solution File, Format Version 11.00
# Visual Studio 2010
Project("{FAE04EC0-301F-11D3-BF4B-00C04F79EFBC}") = "GridImplementation2010", "GridImplementation2010\GridImplementation2010.csproj", "{DD73ED5E-DAD5-4129-ACF8-1518E32B7CCE}"
EndProject
Global
	GlobalSection(SolutionConfigurationPlatforms) = preSolution
		Debug|Any CPU = Debug|Any CPU
		Release|Any CPU = Release|Any CPU
	EndGlobalSection
	GlobalSection(ProjectConfigurationPlatforms) = postSolution
		{DD73ED5E-DAD5-4129-ACF8-1518E32B7CCE}.Debug|Any CPU.ActiveCfg = Debug|Any CPU
		{DD73ED5E-DAD5-4129-ACF8-1518E32B7CCE}.Debug|Any CPU.Build.0 = Debug|Any CPU
		{DD73ED5E-DAD5-4129-ACF8-1518E32B7CCE}.Release|Any CPU.ActiveCfg = Release|Any CPU
		{DD73ED5E-DAD5-4129-ACF8-1518E32B7CCE}.Release|Any CPU.Build.0 = Release|Any CPU
	EndGlobalSection
	GlobalSection(SolutionProperties) = preSolution
		HideSolutionNode = FALSE
	EndGlobalSection
EndGlobal
